
Microsoft Visual Studio Solution File, Format Version 12.00
# Visual Studio Version 17
VisualStudioVersion = 17.8.34511.84
MinimumVisualStudioVersion = 10.0.40219.1
Project("{FAE04EC0-301F-11D3-BF4B-00C04F79EFBC}") = "ScottBlazorLibrary", "ScottBlazorLibrary\ScottBlazorLibrary.csproj", "{1DB179B2-4D98-41E4-8122-17A96E343F59}"
EndProject
Project("{FAE04EC0-301F-11D3-BF4B-00C04F79EFBC}") = "ScottBlazorLibrary.UseCase.ServerSideRendering", "ScottBlazorLibrary.UseCase.ServerSideRendering\ScottBlazorLibrary.UseCase.ServerSideRendering.csproj", "{FC8F666D-B07A-4B69-AEA7-21AE3C38D73B}"
EndProject
Global
	GlobalSection(SolutionConfigurationPlatforms) = preSolution
		Debug|Any CPU = Debug|Any CPU
		Release|Any CPU = Release|Any CPU
	EndGlobalSection
	GlobalSection(ProjectConfigurationPlatforms) = postSolution
		{1DB179B2-4D98-41E4-8122-17A96E343F59}.Debug|Any CPU.ActiveCfg = Debug|Any CPU
		{1DB179B2-4D98-41E4-8122-17A96E343F59}.Debug|Any CPU.Build.0 = Debug|Any CPU
		{1DB179B2-4D98-41E4-8122-17A96E343F59}.Release|Any CPU.ActiveCfg = Release|Any CPU
		{1DB179B2-4D98-41E4-8122-17A96E343F59}.Release|Any CPU.Build.0 = Release|Any CPU
		{FC8F666D-B07A-4B69-AEA7-21AE3C38D73B}.Debug|Any CPU.ActiveCfg = Debug|Any CPU
		{FC8F666D-B07A-4B69-AEA7-21AE3C38D73B}.Debug|Any CPU.Build.0 = Debug|Any CPU
		{FC8F666D-B07A-4B69-AEA7-21AE3C38D73B}.Release|Any CPU.ActiveCfg = Release|Any CPU
		{FC8F666D-B07A-4B69-AEA7-21AE3C38D73B}.Release|Any CPU.Build.0 = Release|Any CPU
	EndGlobalSection
	GlobalSection(SolutionProperties) = preSolution
		HideSolutionNode = FALSE
	EndGlobalSection
	GlobalSection(ExtensibilityGlobals) = postSolution
		SolutionGuid = {9E76CAE5-952B-4946-8AAB-BF5B13AF68DF}
	EndGlobalSection
EndGlobal
